
Microsoft Visual Studio Solution File, Format Version 12.00
# Visual Studio Version 17
VisualStudioVersion = 17.6.33723.286
MinimumVisualStudioVersion = 10.0.40219.1
Project("{FAE04EC0-301F-11D3-BF4B-00C04F79EFBC}") = "adad aval beyn 2 adad vared shode", "adad aval beyn 2 adad vared shode.csproj", "{9235F2C9-5B95-4072-B113-118904DBC638}"
EndProject
Global
	GlobalSection(SolutionConfigurationPlatforms) = preSolution
		Debug|Any CPU = Debug|Any CPU
		Release|Any CPU = Release|Any CPU
	EndGlobalSection
	GlobalSection(ProjectConfigurationPlatforms) = postSolution
		{9235F2C9-5B95-4072-B113-118904DBC638}.Debug|Any CPU.ActiveCfg = Debug|Any CPU
		{9235F2C9-5B95-4072-B113-118904DBC638}.Debug|Any CPU.Build.0 = Debug|Any CPU
		{9235F2C9-5B95-4072-B113-118904DBC638}.Release|Any CPU.ActiveCfg = Release|Any CPU
		{9235F2C9-5B95-4072-B113-118904DBC638}.Release|Any CPU.Build.0 = Release|Any CPU
	EndGlobalSection
	GlobalSection(SolutionProperties) = preSolution
		HideSolutionNode = FALSE
	EndGlobalSection
	GlobalSection(ExtensibilityGlobals) = postSolution
		SolutionGuid = {BADDA59B-679A-41D3-B44E-9A0BC0EEAC2B}
	EndGlobalSection
EndGlobal
